
Microsoft Visual Studio Solution File, Format Version 12.00
# Visual Studio Version 17
VisualStudioVersion = 17.2.32602.215
MinimumVisualStudioVersion = 10.0.40219.1
Project("{FAE04EC0-301F-11D3-BF4B-00C04F79EFBC}") = "TumbleBackend", "TumbleBackend\TumbleBackend.csproj", "{2E80C930-02BA-4390-9503-8C43FD74997A}"
EndProject
Project("{FAE04EC0-301F-11D3-BF4B-00C04F79EFBC}") = "KronoxAPI", "KronoxAPI\KronoxAPI.csproj", "{7E26CB80-DE8F-4BBF-BFB1-6079C427FF55}"
EndProject
Project("{FAE04EC0-301F-11D3-BF4B-00C04F79EFBC}") = "TestingConsole", "TestingConsole\TestingConsole.csproj", "{2CD751F0-8421-4F56-8157-EE1EE1EDB18A}"
EndProject
Global
	GlobalSection(SolutionConfigurationPlatforms) = preSolution
		Debug|Any CPU = Debug|Any CPU
		Release|Any CPU = Release|Any CPU
	EndGlobalSection
	GlobalSection(ProjectConfigurationPlatforms) = postSolution
		{2E80C930-02BA-4390-9503-8C43FD74997A}.Debug|Any CPU.ActiveCfg = Debug|Any CPU
		{2E80C930-02BA-4390-9503-8C43FD74997A}.Debug|Any CPU.Build.0 = Debug|Any CPU
		{2E80C930-02BA-4390-9503-8C43FD74997A}.Release|Any CPU.ActiveCfg = Release|Any CPU
		{2E80C930-02BA-4390-9503-8C43FD74997A}.Release|Any CPU.Build.0 = Release|Any CPU
		{7E26CB80-DE8F-4BBF-BFB1-6079C427FF55}.Debug|Any CPU.ActiveCfg = Debug|Any CPU
		{7E26CB80-DE8F-4BBF-BFB1-6079C427FF55}.Debug|Any CPU.Build.0 = Debug|Any CPU
		{7E26CB80-DE8F-4BBF-BFB1-6079C427FF55}.Release|Any CPU.ActiveCfg = Release|Any CPU
		{7E26CB80-DE8F-4BBF-BFB1-6079C427FF55}.Release|Any CPU.Build.0 = Release|Any CPU
		{2CD751F0-8421-4F56-8157-EE1EE1EDB18A}.Debug|Any CPU.ActiveCfg = Debug|Any CPU
		{2CD751F0-8421-4F56-8157-EE1EE1EDB18A}.Debug|Any CPU.Build.0 = Debug|Any CPU
		{2CD751F0-8421-4F56-8157-EE1EE1EDB18A}.Release|Any CPU.ActiveCfg = Release|Any CPU
		{2CD751F0-8421-4F56-8157-EE1EE1EDB18A}.Release|Any CPU.Build.0 = Release|Any CPU
	EndGlobalSection
	GlobalSection(SolutionProperties) = preSolution
		HideSolutionNode = FALSE
	EndGlobalSection
	GlobalSection(ExtensibilityGlobals) = postSolution
		SolutionGuid = {BE24FEEE-7F0F-4CBE-AEC6-9F0FFAA5E115}
	EndGlobalSection
EndGlobal
