
Microsoft Visual Studio Solution File, Format Version 12.00
# Visual Studio Version 17
VisualStudioVersion = 17.5.002.0
MinimumVisualStudioVersion = 10.0.40219.1
Project("{9A19103F-16F7-4668-BE54-9A1E7A4F7556}") = "TumbleBackend", "TumbleBackend.csproj", "{0E6BBE80-0922-45CE-BE70-A6351EAA1392}"
EndProject
Global
	GlobalSection(SolutionConfigurationPlatforms) = preSolution
		Debug|Any CPU = Debug|Any CPU
		Release|Any CPU = Release|Any CPU
	EndGlobalSection
	GlobalSection(ProjectConfigurationPlatforms) = postSolution
		{0E6BBE80-0922-45CE-BE70-A6351EAA1392}.Debug|Any CPU.ActiveCfg = Debug|Any CPU
		{0E6BBE80-0922-45CE-BE70-A6351EAA1392}.Debug|Any CPU.Build.0 = Debug|Any CPU
		{0E6BBE80-0922-45CE-BE70-A6351EAA1392}.Release|Any CPU.ActiveCfg = Release|Any CPU
		{0E6BBE80-0922-45CE-BE70-A6351EAA1392}.Release|Any CPU.Build.0 = Release|Any CPU
	EndGlobalSection
	GlobalSection(SolutionProperties) = preSolution
		HideSolutionNode = FALSE
	EndGlobalSection
	GlobalSection(ExtensibilityGlobals) = postSolution
		SolutionGuid = {D873057D-5CB0-4F13-8403-3893261FD32D}
	EndGlobalSection
EndGlobal
